// !$*UTF8*$!
{
	archiveVersion = 1;
	classes = {
	};
	objectVersion = 46;
	objects = {

/* Begin PBXBuildFile section */
		702052451B82C8F400B647CA /* Cache.swift in Sources */ = {isa = PBXBuildFile; fileRef = 702052441B82C8F400B647CA /* Cache.swift */; };
		702052461B82C90000B647CA /* Cache.swift in Sources */ = {isa = PBXBuildFile; fileRef = 702052441B82C8F400B647CA /* Cache.swift */; };
		702052511B82C91900B647CA /* CacheiOS.h in Headers */ = {isa = PBXBuildFile; fileRef = 702052501B82C91900B647CA /* CacheiOS.h */; settings = {ATTRIBUTES = (Public, ); }; };
		702052651B82C92700B647CA /* Cache.swift in Sources */ = {isa = PBXBuildFile; fileRef = 702052441B82C8F400B647CA /* Cache.swift */; };
		7096E7AD1B82C7D1003F4A04 /* Cache.h in Headers */ = {isa = PBXBuildFile; fileRef = 7096E7AC1B82C7D1003F4A04 /* Cache.h */; settings = {ATTRIBUTES = (Public, ); }; };
		7096E7B31B82C7D1003F4A04 /* Cache.framework in Frameworks */ = {isa = PBXBuildFile; fileRef = 7096E7A71B82C7D1003F4A04 /* Cache.framework */; };
		7096E7BA1B82C7D1003F4A04 /* CacheTests.swift in Sources */ = {isa = PBXBuildFile; fileRef = 7096E7B91B82C7D1003F4A04 /* CacheTests.swift */; };
/* End PBXBuildFile section */

/* Begin PBXContainerItemProxy section */
		7096E7B41B82C7D1003F4A04 /* PBXContainerItemProxy */ = {
			isa = PBXContainerItemProxy;
			containerPortal = 7096E79E1B82C7D1003F4A04 /* Project object */;
			proxyType = 1;
			remoteGlobalIDString = 7096E7A61B82C7D1003F4A04;
			remoteInfo = Cache;
		};
/* End PBXContainerItemProxy section */

/* Begin PBXFileReference section */
		702052441B82C8F400B647CA /* Cache.swift */ = {isa = PBXFileReference; fileEncoding = 4; lastKnownFileType = sourcecode.swift; path = Cache.swift; sourceTree = "<group>"; };
		7020524C1B82C91900B647CA /* CacheiOS.framework */ = {isa = PBXFileReference; explicitFileType = wrapper.framework; includeInIndex = 0; path = CacheiOS.framework; sourceTree = BUILT_PRODUCTS_DIR; };
		7020524F1B82C91900B647CA /* Info.plist */ = {isa = PBXFileReference; lastKnownFileType = text.plist.xml; path = Info.plist; sourceTree = "<group>"; };
		702052501B82C91900B647CA /* CacheiOS.h */ = {isa = PBXFileReference; lastKnownFileType = sourcecode.c.h; path = CacheiOS.h; sourceTree = "<group>"; };
		7096E7A71B82C7D1003F4A04 /* Cache.framework */ = {isa = PBXFileReference; explicitFileType = wrapper.framework; includeInIndex = 0; path = Cache.framework; sourceTree = BUILT_PRODUCTS_DIR; };
		7096E7AB1B82C7D1003F4A04 /* Info.plist */ = {isa = PBXFileReference; lastKnownFileType = text.plist.xml; path = Info.plist; sourceTree = "<group>"; };
		7096E7AC1B82C7D1003F4A04 /* Cache.h */ = {isa = PBXFileReference; lastKnownFileType = sourcecode.c.h; path = Cache.h; sourceTree = "<group>"; };
		7096E7B21B82C7D1003F4A04 /* CacheTests.xctest */ = {isa = PBXFileReference; explicitFileType = wrapper.cfbundle; includeInIndex = 0; path = CacheTests.xctest; sourceTree = BUILT_PRODUCTS_DIR; };
		7096E7B81B82C7D1003F4A04 /* Info.plist */ = {isa = PBXFileReference; lastKnownFileType = text.plist.xml; path = Info.plist; sourceTree = "<group>"; };
		7096E7B91B82C7D1003F4A04 /* CacheTests.swift */ = {isa = PBXFileReference; lastKnownFileType = sourcecode.swift; path = CacheTests.swift; sourceTree = "<group>"; };
/* End PBXFileReference section */

/* Begin PBXFrameworksBuildPhase section */
		702052481B82C91900B647CA /* Frameworks */ = {
			isa = PBXFrameworksBuildPhase;
			buildActionMask = 2147483647;
			files = (
			);
			runOnlyForDeploymentPostprocessing = 0;
		};
		7096E7A31B82C7D1003F4A04 /* Frameworks */ = {
			isa = PBXFrameworksBuildPhase;
			buildActionMask = 2147483647;
			files = (
			);
			runOnlyForDeploymentPostprocessing = 0;
		};
		7096E7AF1B82C7D1003F4A04 /* Frameworks */ = {
			isa = PBXFrameworksBuildPhase;
			buildActionMask = 2147483647;
			files = (
				7096E7B31B82C7D1003F4A04 /* Cache.framework in Frameworks */,
			);
			runOnlyForDeploymentPostprocessing = 0;
		};
/* End PBXFrameworksBuildPhase section */

/* Begin PBXGroup section */
		7020524D1B82C91900B647CA /* CacheiOS */ = {
			isa = PBXGroup;
			children = (
				702052501B82C91900B647CA /* CacheiOS.h */,
				7020524E1B82C91900B647CA /* Supporting Files */,
			);
			path = CacheiOS;
			sourceTree = "<group>";
		};
		7020524E1B82C91900B647CA /* Supporting Files */ = {
			isa = PBXGroup;
			children = (
				7020524F1B82C91900B647CA /* Info.plist */,
			);
			name = "Supporting Files";
			sourceTree = "<group>";
		};
		7096E79D1B82C7D1003F4A04 = {
			isa = PBXGroup;
			children = (
				7096E7A91B82C7D1003F4A04 /* Cache */,
				7096E7B61B82C7D1003F4A04 /* CacheTests */,
				7020524D1B82C91900B647CA /* CacheiOS */,
				7096E7A81B82C7D1003F4A04 /* Products */,
			);
			sourceTree = "<group>";
		};
		7096E7A81B82C7D1003F4A04 /* Products */ = {
			isa = PBXGroup;
			children = (
				7096E7A71B82C7D1003F4A04 /* Cache.framework */,
				7096E7B21B82C7D1003F4A04 /* CacheTests.xctest */,
				7020524C1B82C91900B647CA /* CacheiOS.framework */,
			);
			name = Products;
			sourceTree = "<group>";
		};
		7096E7A91B82C7D1003F4A04 /* Cache */ = {
			isa = PBXGroup;
			children = (
				702052441B82C8F400B647CA /* Cache.swift */,
				7096E7AC1B82C7D1003F4A04 /* Cache.h */,
				7096E7AA1B82C7D1003F4A04 /* Supporting Files */,
			);
			path = Cache;
			sourceTree = "<group>";
		};
		7096E7AA1B82C7D1003F4A04 /* Supporting Files */ = {
			isa = PBXGroup;
			children = (
				7096E7AB1B82C7D1003F4A04 /* Info.plist */,
			);
			name = "Supporting Files";
			sourceTree = "<group>";
		};
		7096E7B61B82C7D1003F4A04 /* CacheTests */ = {
			isa = PBXGroup;
			children = (
				7096E7B91B82C7D1003F4A04 /* CacheTests.swift */,
				7096E7B71B82C7D1003F4A04 /* Supporting Files */,
			);
			path = CacheTests;
			sourceTree = "<group>";
		};
		7096E7B71B82C7D1003F4A04 /* Supporting Files */ = {
			isa = PBXGroup;
			children = (
				7096E7B81B82C7D1003F4A04 /* Info.plist */,
			);
			name = "Supporting Files";
			sourceTree = "<group>";
		};
/* End PBXGroup section */

/* Begin PBXHeadersBuildPhase section */
		702052491B82C91900B647CA /* Headers */ = {
			isa = PBXHeadersBuildPhase;
			buildActionMask = 2147483647;
			files = (
				702052511B82C91900B647CA /* CacheiOS.h in Headers */,
			);
			runOnlyForDeploymentPostprocessing = 0;
		};
		7096E7A41B82C7D1003F4A04 /* Headers */ = {
			isa = PBXHeadersBuildPhase;
			buildActionMask = 2147483647;
			files = (
				7096E7AD1B82C7D1003F4A04 /* Cache.h in Headers */,
			);
			runOnlyForDeploymentPostprocessing = 0;
		};
/* End PBXHeadersBuildPhase section */

/* Begin PBXNativeTarget section */
		7020524B1B82C91900B647CA /* CacheiOS */ = {
			isa = PBXNativeTarget;
			buildConfigurationList = 7020525F1B82C91900B647CA /* Build configuration list for PBXNativeTarget "CacheiOS" */;
			buildPhases = (
				702052471B82C91900B647CA /* Sources */,
				702052481B82C91900B647CA /* Frameworks */,
				702052491B82C91900B647CA /* Headers */,
				7020524A1B82C91900B647CA /* Resources */,
			);
			buildRules = (
			);
			dependencies = (
			);
			name = CacheiOS;
			productName = CacheiOS;
			productReference = 7020524C1B82C91900B647CA /* CacheiOS.framework */;
			productType = "com.apple.product-type.framework";
		};
		7096E7A61B82C7D1003F4A04 /* Cache */ = {
			isa = PBXNativeTarget;
			buildConfigurationList = 7096E7BD1B82C7D1003F4A04 /* Build configuration list for PBXNativeTarget "Cache" */;
			buildPhases = (
				7096E7A21B82C7D1003F4A04 /* Sources */,
				7096E7A31B82C7D1003F4A04 /* Frameworks */,
				7096E7A41B82C7D1003F4A04 /* Headers */,
				7096E7A51B82C7D1003F4A04 /* Resources */,
			);
			buildRules = (
			);
			dependencies = (
			);
			name = Cache;
			productName = Cache;
			productReference = 7096E7A71B82C7D1003F4A04 /* Cache.framework */;
			productType = "com.apple.product-type.framework";
		};
		7096E7B11B82C7D1003F4A04 /* CacheTests */ = {
			isa = PBXNativeTarget;
			buildConfigurationList = 7096E7C01B82C7D1003F4A04 /* Build configuration list for PBXNativeTarget "CacheTests" */;
			buildPhases = (
				7096E7AE1B82C7D1003F4A04 /* Sources */,
				7096E7AF1B82C7D1003F4A04 /* Frameworks */,
				7096E7B01B82C7D1003F4A04 /* Resources */,
			);
			buildRules = (
			);
			dependencies = (
				7096E7B51B82C7D1003F4A04 /* PBXTargetDependency */,
			);
			name = CacheTests;
			productName = CacheTests;
			productReference = 7096E7B21B82C7D1003F4A04 /* CacheTests.xctest */;
			productType = "com.apple.product-type.bundle.unit-test";
		};
/* End PBXNativeTarget section */

/* Begin PBXProject section */
		7096E79E1B82C7D1003F4A04 /* Project object */ = {
			isa = PBXProject;
			attributes = {
				LastUpgradeCheck = 0640;
				ORGANIZATIONNAME = Compass;
				TargetAttributes = {
					7020524B1B82C91900B647CA = {
						CreatedOnToolsVersion = 6.4;
					};
					7096E7A61B82C7D1003F4A04 = {
						CreatedOnToolsVersion = 6.4;
					};
					7096E7B11B82C7D1003F4A04 = {
						CreatedOnToolsVersion = 6.4;
					};
				};
			};
			buildConfigurationList = 7096E7A11B82C7D1003F4A04 /* Build configuration list for PBXProject "Cache" */;
			compatibilityVersion = "Xcode 3.2";
			developmentRegion = English;
			hasScannedForEncodings = 0;
			knownRegions = (
				en,
			);
			mainGroup = 7096E79D1B82C7D1003F4A04;
			productRefGroup = 7096E7A81B82C7D1003F4A04 /* Products */;
			projectDirPath = "";
			projectRoot = "";
			targets = (
				7096E7A61B82C7D1003F4A04 /* Cache */,
				7096E7B11B82C7D1003F4A04 /* CacheTests */,
				7020524B1B82C91900B647CA /* CacheiOS */,
			);
		};
/* End PBXProject section */

/* Begin PBXResourcesBuildPhase section */
		7020524A1B82C91900B647CA /* Resources */ = {
			isa = PBXResourcesBuildPhase;
			buildActionMask = 2147483647;
			files = (
			);
			runOnlyForDeploymentPostprocessing = 0;
		};
		7096E7A51B82C7D1003F4A04 /* Resources */ = {
			isa = PBXResourcesBuildPhase;
			buildActionMask = 2147483647;
			files = (
			);
			runOnlyForDeploymentPostprocessing = 0;
		};
		7096E7B01B82C7D1003F4A04 /* Resources */ = {
			isa = PBXResourcesBuildPhase;
			buildActionMask = 2147483647;
			files = (
			);
			runOnlyForDeploymentPostprocessing = 0;
		};
/* End PBXResourcesBuildPhase section */

/* Begin PBXSourcesBuildPhase section */
		702052471B82C91900B647CA /* Sources */ = {
			isa = PBXSourcesBuildPhase;
			buildActionMask = 2147483647;
			files = (
				702052651B82C92700B647CA /* Cache.swift in Sources */,
			);
			runOnlyForDeploymentPostprocessing = 0;
		};
		7096E7A21B82C7D1003F4A04 /* Sources */ = {
			isa = PBXSourcesBuildPhase;
			buildActionMask = 2147483647;
			files = (
				702052451B82C8F400B647CA /* Cache.swift in Sources */,
			);
			runOnlyForDeploymentPostprocessing = 0;
		};
		7096E7AE1B82C7D1003F4A04 /* Sources */ = {
			isa = PBXSourcesBuildPhase;
			buildActionMask = 2147483647;
			files = (
				702052461B82C90000B647CA /* Cache.swift in Sources */,
				7096E7BA1B82C7D1003F4A04 /* CacheTests.swift in Sources */,
			);
			runOnlyForDeploymentPostprocessing = 0;
		};
/* End PBXSourcesBuildPhase section */

/* Begin PBXTargetDependency section */
		7096E7B51B82C7D1003F4A04 /* PBXTargetDependency */ = {
			isa = PBXTargetDependency;
			target = 7096E7A61B82C7D1003F4A04 /* Cache */;
			targetProxy = 7096E7B41B82C7D1003F4A04 /* PBXContainerItemProxy */;
		};
/* End PBXTargetDependency section */

/* Begin XCBuildConfiguration section */
		702052601B82C91900B647CA /* Debug */ = {
			isa = XCBuildConfiguration;
			buildSettings = {
				"CODE_SIGN_IDENTITY[sdk=iphoneos*]" = "iPhone Developer";
				DEBUG_INFORMATION_FORMAT = "dwarf-with-dsym";
				DEFINES_MODULE = YES;
				DYLIB_COMPATIBILITY_VERSION = 1;
				DYLIB_CURRENT_VERSION = 1;
				DYLIB_INSTALL_NAME_BASE = "@rpath";
				GCC_PREPROCESSOR_DEFINITIONS = (
					"DEBUG=1",
					"$(inherited)",
				);
				INFOPLIST_FILE = CacheiOS/Info.plist;
				INSTALL_PATH = "$(LOCAL_LIBRARY_DIR)/Frameworks";
				IPHONEOS_DEPLOYMENT_TARGET = 8.4;
				LD_RUNPATH_SEARCH_PATHS = "$(inherited) @executable_path/Frameworks @loader_path/Frameworks";
				PRODUCT_NAME = "$(TARGET_NAME)";
				SDKROOT = iphoneos;
				SKIP_INSTALL = YES;
				TARGETED_DEVICE_FAMILY = "1,2";
			};
			name = Debug;
		};
		702052611B82C91900B647CA /* Release */ = {
			isa = XCBuildConfiguration;
			buildSettings = {
				"CODE_SIGN_IDENTITY[sdk=iphoneos*]" = "iPhone Developer";
				DEFINES_MODULE = YES;
				DYLIB_COMPATIBILITY_VERSION = 1;
				DYLIB_CURRENT_VERSION = 1;
				DYLIB_INSTALL_NAME_BASE = "@rpath";
				INFOPLIST_FILE = CacheiOS/Info.plist;
				INSTALL_PATH = "$(LOCAL_LIBRARY_DIR)/Frameworks";
				IPHONEOS_DEPLOYMENT_TARGET = 8.4;
				LD_RUNPATH_SEARCH_PATHS = "$(inherited) @executable_path/Frameworks @loader_path/Frameworks";
				PRODUCT_NAME = "$(TARGET_NAME)";
				SDKROOT = iphoneos;
				SKIP_INSTALL = YES;
				TARGETED_DEVICE_FAMILY = "1,2";
				VALIDATE_PRODUCT = YES;
			};
			name = Release;
		};
		7096E7BB1B82C7D1003F4A04 /* Debug */ = {
			isa = XCBuildConfiguration;
			buildSettings = {
				ALWAYS_SEARCH_USER_PATHS = NO;
				CLANG_CXX_LANGUAGE_STANDARD = "gnu++0x";
				CLANG_CXX_LIBRARY = "libc++";
				CLANG_ENABLE_MODULES = YES;
				CLANG_ENABLE_OBJC_ARC = YES;
				CLANG_WARN_BOOL_CONVERSION = YES;
				CLANG_WARN_CONSTANT_CONVERSION = YES;
				CLANG_WARN_DIRECT_OBJC_ISA_USAGE = YES_ERROR;
				CLANG_WARN_EMPTY_BODY = YES;
				CLANG_WARN_ENUM_CONVERSION = YES;
				CLANG_WARN_INT_CONVERSION = YES;
				CLANG_WARN_OBJC_ROOT_CLASS = YES_ERROR;
				CLANG_WARN_UNREACHABLE_CODE = YES;
				CLANG_WARN__DUPLICATE_METHOD_MATCH = YES;
				COPY_PHASE_STRIP = NO;
				CURRENT_PROJECT_VERSION = 1;
				DEBUG_INFORMATION_FORMAT = dwarf;
				ENABLE_STRICT_OBJC_MSGSEND = YES;
				GCC_C_LANGUAGE_STANDARD = gnu99;
				GCC_DYNAMIC_NO_PIC = NO;
				GCC_NO_COMMON_BLOCKS = YES;
				GCC_OPTIMIZATION_LEVEL = 0;
				GCC_PREPROCESSOR_DEFINITIONS = (
					"DEBUG=1",
					"$(inherited)",
				);
				GCC_SYMBOLS_PRIVATE_EXTERN = NO;
				GCC_WARN_64_TO_32_BIT_CONVERSION = YES;
				GCC_WARN_ABOUT_RETURN_TYPE = YES_ERROR;
				GCC_WARN_UNDECLARED_SELECTOR = YES;
				GCC_WARN_UNINITIALIZED_AUTOS = YES_AGGRESSIVE;
				GCC_WARN_UNUSED_FUNCTION = YES;
				GCC_WARN_UNUSED_VARIABLE = YES;
				MACOSX_DEPLOYMENT_TARGET = 10.10;
				MTL_ENABLE_DEBUG_INFO = YES;
				ONLY_ACTIVE_ARCH = YES;
				SDKROOT = macosx;
				SWIFT_OPTIMIZATION_LEVEL = "-Onone";
				VERSIONING_SYSTEM = "apple-generic";
				VERSION_INFO_PREFIX = "";
			};
			name = Debug;
		};
		7096E7BC1B82C7D1003F4A04 /* Release */ = {
			isa = XCBuildConfiguration;
			buildSettings = {
				ALWAYS_SEARCH_USER_PATHS = NO;
				CLANG_CXX_LANGUAGE_STANDARD = "gnu++0x";
				CLANG_CXX_LIBRARY = "libc++";
				CLANG_ENABLE_MODULES = YES;
				CLANG_ENABLE_OBJC_ARC = YES;
				CLANG_WARN_BOOL_CONVERSION = YES;
				CLANG_WARN_CONSTANT_CONVERSION = YES;
				CLANG_WARN_DIRECT_OBJC_ISA_USAGE = YES_ERROR;
				CLANG_WARN_EMPTY_BODY = YES;
				CLANG_WARN_ENUM_CONVERSION = YES;
				CLANG_WARN_INT_CONVERSION = YES;
				CLANG_WARN_OBJC_ROOT_CLASS = YES_ERROR;
				CLANG_WARN_UNREACHABLE_CODE = YES;
				CLANG_WARN__DUPLICATE_METHOD_MATCH = YES;
				COPY_PHASE_STRIP = NO;
				CURRENT_PROJECT_VERSION = 1;
				DEBUG_INFORMATION_FORMAT = "dwarf-with-dsym";
				ENABLE_NS_ASSERTIONS = NO;
				ENABLE_STRICT_OBJC_MSGSEND = YES;
				GCC_C_LANGUAGE_STANDARD = gnu99;
				GCC_NO_COMMON_BLOCKS = YES;
				GCC_WARN_64_TO_32_BIT_CONVERSION = YES;
				GCC_WARN_ABOUT_RETURN_TYPE = YES_ERROR;
				GCC_WARN_UNDECLARED_SELECTOR = YES;
				GCC_WARN_UNINITIALIZED_AUTOS = YES_AGGRESSIVE;
				GCC_WARN_UNUSED_FUNCTION = YES;
				GCC_WARN_UNUSED_VARIABLE = YES;
				MACOSX_DEPLOYMENT_TARGET = 10.10;
				MTL_ENABLE_DEBUG_INFO = NO;
				SDKROOT = macosx;
				VERSIONING_SYSTEM = "apple-generic";
				VERSION_INFO_PREFIX = "";
			};
			name = Release;
		};
		7096E7BE1B82C7D1003F4A04 /* Debug */ = {
			isa = XCBuildConfiguration;
			buildSettings = {
				COMBINE_HIDPI_IMAGES = YES;
				DEFINES_MODULE = YES;
				DYLIB_COMPATIBILITY_VERSION = 1;
				DYLIB_CURRENT_VERSION = 1;
				DYLIB_INSTALL_NAME_BASE = "@rpath";
				FRAMEWORK_VERSION = A;
				INFOPLIST_FILE = Cache/Info.plist;
				INSTALL_PATH = "$(LOCAL_LIBRARY_DIR)/Frameworks";
				LD_RUNPATH_SEARCH_PATHS = "$(inherited) @executable_path/../Frameworks @loader_path/Frameworks";
				PRODUCT_NAME = "$(TARGET_NAME)";
				SKIP_INSTALL = YES;
			};
			name = Debug;
		};
		7096E7BF1B82C7D1003F4A04 /* Release */ = {
			isa = XCBuildConfiguration;
			buildSettings = {
				COMBINE_HIDPI_IMAGES = YES;
				DEFINES_MODULE = YES;
				DYLIB_COMPATIBILITY_VERSION = 1;
				DYLIB_CURRENT_VERSION = 1;
				DYLIB_INSTALL_NAME_BASE = "@rpath";
				FRAMEWORK_VERSION = A;
				INFOPLIST_FILE = Cache/Info.plist;
				INSTALL_PATH = "$(LOCAL_LIBRARY_DIR)/Frameworks";
				LD_RUNPATH_SEARCH_PATHS = "$(inherited) @executable_path/../Frameworks @loader_path/Frameworks";
				PRODUCT_NAME = "$(TARGET_NAME)";
				SKIP_INSTALL = YES;
			};
			name = Release;
		};
		7096E7C11B82C7D1003F4A04 /* Debug */ = {
			isa = XCBuildConfiguration;
			buildSettings = {
				COMBINE_HIDPI_IMAGES = YES;
				FRAMEWORK_SEARCH_PATHS = (
					"$(DEVELOPER_FRAMEWORKS_DIR)",
					"$(inherited)",
				);
				GCC_PREPROCESSOR_DEFINITIONS = (
					"DEBUG=1",
					"$(inherited)",
				);
				INFOPLIST_FILE = CacheTests/Info.plist;
				LD_RUNPATH_SEARCH_PATHS = "$(inherited) @executable_path/../Frameworks @loader_path/../Frameworks";
				PRODUCT_NAME = "$(TARGET_NAME)";
			};
			name = Debug;
		};
		7096E7C21B82C7D1003F4A04 /* Release */ = {
			isa = XCBuildConfiguration;
			buildSettings = {
				COMBINE_HIDPI_IMAGES = YES;
				FRAMEWORK_SEARCH_PATHS = (
					"$(DEVELOPER_FRAMEWORKS_DIR)",
					"$(inherited)",
				);
				INFOPLIST_FILE = CacheTests/Info.plist;
				LD_RUNPATH_SEARCH_PATHS = "$(inherited) @executable_path/../Frameworks @loader_path/../Frameworks";
				PRODUCT_NAME = "$(TARGET_NAME)";
			};
			name = Release;
		};
/* End XCBuildConfiguration section */

/* Begin XCConfigurationList section */
		7020525F1B82C91900B647CA /* Build configuration list for PBXNativeTarget "CacheiOS" */ = {
			isa = XCConfigurationList;
			buildConfigurations = (
				702052601B82C91900B647CA /* Debug */,
				702052611B82C91900B647CA /* Release */,
			);
			defaultConfigurationIsVisible = 0;
		};
		7096E7A11B82C7D1003F4A04 /* Build configuration list for PBXProject "Cache" */ = {
			isa = XCConfigurationList;
			buildConfigurations = (
				7096E7BB1B82C7D1003F4A04 /* Debug */,
				7096E7BC1B82C7D1003F4A04 /* Release */,
			);
			defaultConfigurationIsVisible = 0;
			defaultConfigurationName = Release;
		};
		7096E7BD1B82C7D1003F4A04 /* Build configuration list for PBXNativeTarget "Cache" */ = {
			isa = XCConfigurationList;
			buildConfigurations = (
				7096E7BE1B82C7D1003F4A04 /* Debug */,
				7096E7BF1B82C7D1003F4A04 /* Release */,
			);
			defaultConfigurationIsVisible = 0;
			defaultConfigurationName = Release;
		};
		7096E7C01B82C7D1003F4A04 /* Build configuration list for PBXNativeTarget "CacheTests" */ = {
			isa = XCConfigurationList;
			buildConfigurations = (
				7096E7C11B82C7D1003F4A04 /* Debug */,
				7096E7C21B82C7D1003F4A04 /* Release */,
			);
			defaultConfigurationIsVisible = 0;
			defaultConfigurationName = Release;
		};
/* End XCConfigurationList section */
	};
	rootObject = 7096E79E1B82C7D1003F4A04 /* Project object */;
}
